{
  "requires": true,
  "lockfileVersion": 1,
  "dependencies": {
    "@agm/core": {
      "version": "1.0.0-beta.5",
      "resolved": "https://registry.npmjs.org/@agm/core/-/core-1.0.0-beta.5.tgz",
      "integrity": "sha512-LVENJqtBZEWpX+uJkGI0zgg+Xkm2KkktQm4ojZozArbeNvQkVL6pqVc04Mme6vvOzwJpD1cET5w4byC8Xaq1QQ=="
    },
    "ngx-pipes": {
      "version": "2.3.6",
      "resolved": "https://registry.npmjs.org/ngx-pipes/-/ngx-pipes-2.3.6.tgz",
      "integrity": "sha512-BLbZyqa7UjSp+qOmj5elPyMXedvgC5lI6W9kIDXaxE+4TIAPsbmLK3axo8NW22Bu73DgRYy8Ftepv3XV2dMqDg==",
      "requires": {
        "tslib": "^1.9.0"
      }
    },
    "tslib": {
      "version": "1.9.3",
      "resolved": "https://registry.npmjs.org/tslib/-/tslib-1.9.3.tgz",
      "integrity": "sha512-4krF8scpejhaOgqzBEcGM7yDIEfi0/8+8zDRZhNZZ2kjmHJ4hv3zCbQWxoJGz1iw5U0Jl0nma13xzHXcncMavQ=="
    }
  }
}
